
Microsoft Visual Studio Solution File, Format Version 12.00
# Visual Studio 15
VisualStudioVersion = 15.0.28010.2041
MinimumVisualStudioVersion = 10.0.40219.1
Project("{FAE04EC0-301F-11D3-BF4B-00C04F79EFBC}") = "Examen_1", "Examen_1\Examen_1.csproj", "{0A7F46DE-11D9-4568-9313-DE5A3EA3EB20}"
EndProject
Global
	GlobalSection(SolutionConfigurationPlatforms) = preSolution
		Debug|Any CPU = Debug|Any CPU
		Release|Any CPU = Release|Any CPU
	EndGlobalSection
	GlobalSection(ProjectConfigurationPlatforms) = postSolution
		{0A7F46DE-11D9-4568-9313-DE5A3EA3EB20}.Debug|Any CPU.ActiveCfg = Debug|Any CPU
		{0A7F46DE-11D9-4568-9313-DE5A3EA3EB20}.Debug|Any CPU.Build.0 = Debug|Any CPU
		{0A7F46DE-11D9-4568-9313-DE5A3EA3EB20}.Release|Any CPU.ActiveCfg = Release|Any CPU
		{0A7F46DE-11D9-4568-9313-DE5A3EA3EB20}.Release|Any CPU.Build.0 = Release|Any CPU
	EndGlobalSection
	GlobalSection(SolutionProperties) = preSolution
		HideSolutionNode = FALSE
	EndGlobalSection
	GlobalSection(ExtensibilityGlobals) = postSolution
		SolutionGuid = {5DE12D01-3482-47DD-8894-AEF67E253485}
	EndGlobalSection
EndGlobal
